PODS:
  - Flutter (1.0.0)
  - limiting_direction_csx (0.0.1):
    - Flutter

DEPENDENCIES:
  - Flutter (from `Flutter`)
  - limiting_direction_csx (from `.symlinks/plugins/limiting_direction_csx/ios`)

EXTERNAL SOURCES:
  Flutter:
    :path: Flutter
  limiting_direction_csx:
    :path: ".symlinks/plugins/limiting_direction_csx/ios"

SPEC CHECKSUMS:
  Flutter: 0e3d915762c693b495b44d77113d4970485de6ec
  limiting_direction_csx: be69e2816869ea0e3524160e1ecf95137df43a2f

PODFILE CHECKSUM: 8e679eca47255a8ca8067c4c67aab20e64cb974d

COCOAPODS: 1.10.0
