PODS:
  - doraemonkit_csx (0.0.1):
    - Flutter
  - Flutter (1.0.0)
  - package_info (0.0.1):
    - Flutter
  - shared_preferences (0.0.1):
    - Flutter

DEPENDENCIES:
  - doraemonkit_csx (from `.symlinks/plugins/doraemonkit_csx/ios`)
  - Flutter (from `Flutter`)
  - package_info (from `.symlinks/plugins/package_info/ios`)
  - shared_preferences (from `.symlinks/plugins/shared_preferences/ios`)

EXTERNAL SOURCES:
  doraemonkit_csx:
    :path: ".symlinks/plugins/doraemonkit_csx/ios"
  Flutter:
    :path: Flutter
  package_info:
    :path: ".symlinks/plugins/package_info/ios"
  shared_preferences:
    :path: ".symlinks/plugins/shared_preferences/ios"

SPEC CHECKSUMS:
  doraemonkit_csx: 6747c3f52a30af5b7997f419e5004e5721aacb9f
  Flutter: 0e3d915762c693b495b44d77113d4970485de6ec
  package_info: 873975fc26034f0b863a300ad47e7f1ac6c7ec62
  shared_preferences: af6bfa751691cdc24be3045c43ec037377ada40d

PODFILE CHECKSUM: 8e679eca47255a8ca8067c4c67aab20e64cb974d

COCOAPODS: 1.10.0
